
Microsoft Visual Studio Solution File, Format Version 11.00
# Visual Studio 2010
Project("{FAE04EC0-301F-11D3-BF4B-00C04F79EFBC}") = "stomt-unity-sdk", "Assembly-CSharp.csproj", "{CA31F1D4-EB02-34BA-ECCE-5780B064BA00}"
EndProject
Global
	GlobalSection(SolutionConfigurationPlatforms) = preSolution
		Debug|Any CPU = Debug|Any CPU
		Release|Any CPU = Release|Any CPU
	EndGlobalSection
	GlobalSection(ProjectConfigurationPlatforms) = postSolution
		{CA31F1D4-EB02-34BA-ECCE-5780B064BA00}.Debug|Any CPU.ActiveCfg = Debug|Any CPU
		{CA31F1D4-EB02-34BA-ECCE-5780B064BA00}.Debug|Any CPU.Build.0 = Debug|Any CPU
		{CA31F1D4-EB02-34BA-ECCE-5780B064BA00}.Release|Any CPU.ActiveCfg = Release|Any CPU
		{CA31F1D4-EB02-34BA-ECCE-5780B064BA00}.Release|Any CPU.Build.0 = Release|Any CPU
	EndGlobalSection
	GlobalSection(SolutionProperties) = preSolution
		HideSolutionNode = FALSE
	EndGlobalSection
	GlobalSection(MonoDevelopProperties) = preSolution
		StartupItem = Assembly-CSharp.csproj
	EndGlobalSection
EndGlobal
